
Microsoft Visual Studio Solution File, Format Version 12.00
# Visual Studio 15
VisualStudioVersion = 15.0.28307.438
MinimumVisualStudioVersion = 10.0.40219.1
Project("{8BC9CEB8-8B4A-11D0-8D11-00A0C91BC942}") = "2017050323-p50", "2017050323-p50\2017050323-p50.vcxproj", "{908CC9A5-D4F4-4234-990B-C95880ABFB95}"
EndProject
Global
	GlobalSection(SolutionConfigurationPlatforms) = preSolution
		Debug|x64 = Debug|x64
		Debug|x86 = Debug|x86
		Release|x64 = Release|x64
		Release|x86 = Release|x86
	EndGlobalSection
	GlobalSection(ProjectConfigurationPlatforms) = postSolution
		{908CC9A5-D4F4-4234-990B-C95880ABFB95}.Debug|x64.ActiveCfg = Debug|x64
		{908CC9A5-D4F4-4234-990B-C95880ABFB95}.Debug|x64.Build.0 = Debug|x64
		{908CC9A5-D4F4-4234-990B-C95880ABFB95}.Debug|x86.ActiveCfg = Debug|Win32
		{908CC9A5-D4F4-4234-990B-C95880ABFB95}.Debug|x86.Build.0 = Debug|Win32
		{908CC9A5-D4F4-4234-990B-C95880ABFB95}.Release|x64.ActiveCfg = Release|x64
		{908CC9A5-D4F4-4234-990B-C95880ABFB95}.Release|x64.Build.0 = Release|x64
		{908CC9A5-D4F4-4234-990B-C95880ABFB95}.Release|x86.ActiveCfg = Release|Win32
		{908CC9A5-D4F4-4234-990B-C95880ABFB95}.Release|x86.Build.0 = Release|Win32
	EndGlobalSection
	GlobalSection(SolutionProperties) = preSolution
		HideSolutionNode = FALSE
	EndGlobalSection
	GlobalSection(ExtensibilityGlobals) = postSolution
		SolutionGuid = {76AE771A-1C95-4343-A98D-4C061A3D1887}
	EndGlobalSection
EndGlobal
